PODS:
  - LYCategory (1.14.0)
  - PBJVision (0.6.1)
  - VoilaCamera (1.1.0):
    - LYCategory (~> 1.14)
    - PBJVision

DEPENDENCIES:
  - VoilaCamera (from `../`)

SPEC REPOS:
  https://github.com/CocoaPods/Specs.git:
    - LYCategory
    - PBJVision

EXTERNAL SOURCES:
  VoilaCamera:
    :path: "../"

SPEC CHECKSUMS:
  LYCategory: beedf5ec55523967766e9afc4e0b2ab30dc074bc
  PBJVision: e53c1a28e89af65907680797ffd46c9d99313249
  VoilaCamera: 2bdfee649e225c39e08be36e17a53c96b378ae93

PODFILE CHECKSUM: ef668cbaa22eab49ed0ffb835b6fa34be754e877

COCOAPODS: 1.11.3
