PODS:
  - LYCategory (1.13.5)
  - PBJVision (0.6.1)
  - VoilaCamera (1.1.0):
    - LYCategory (~> 1.13)
    - PBJVision

DEPENDENCIES:
  - VoilaCamera (from `../`)

SPEC REPOS:
  https://github.com/CocoaPods/Specs.git:
    - LYCategory
    - PBJVision

EXTERNAL SOURCES:
  VoilaCamera:
    :path: "../"

SPEC CHECKSUMS:
  LYCategory: 51c34a43af4e37ac43138712f77cc6eda314acb2
  PBJVision: e53c1a28e89af65907680797ffd46c9d99313249
  VoilaCamera: a3f2244c2dfa650db6fd398f3b6d6bcf128f2d7d

PODFILE CHECKSUM: ef668cbaa22eab49ed0ffb835b6fa34be754e877

COCOAPODS: 1.11.2
